// !$*UTF8*$!
{
	archiveVersion = 1;
	classes = {
	};
	objectVersion = 50;
	objects = {

/* Begin PBXBuildFile section */
		AA660F15232239EF00AC1839 /* main.c in Sources */ = {isa = PBXBuildFile; fileRef = AA660F14232239EF00AC1839 /* main.c */; };
		AA660F1D23223A4800AC1839 /* LexicalAnalysis01.c in Sources */ = {isa = PBXBuildFile; fileRef = AA660F1C23223A4800AC1839 /* LexicalAnalysis01.c */; };
		AA660F2023225BBE00AC1839 /* LexicalAnalysis02.c in Sources */ = {isa = PBXBuildFile; fileRef = AA660F1F23225BBE00AC1839 /* LexicalAnalysis02.c */; };
/* End PBXBuildFile section */

/* Begin PBXCopyFilesBuildPhase section */
		AA660F0F232239EF00AC1839 /* CopyFiles */ = {
			isa = PBXCopyFilesBuildPhase;
			buildActionMask = 2147483647;
			dstPath = /usr/share/man/man1/;
			dstSubfolderSpec = 0;
			files = (
			);
			runOnlyForDeploymentPostprocessing = 1;
		};
/* End PBXCopyFilesBuildPhase section */

/* Begin PBXFileReference section */
		AA660F11232239EF00AC1839 /* Compile */ = {isa = PBXFileReference; explicitFileType = "compiled.mach-o.executable"; includeInIndex = 0; path = Compile; sourceTree = BUILT_PRODUCTS_DIR; };
		AA660F14232239EF00AC1839 /* main.c */ = {isa = PBXFileReference; lastKnownFileType = sourcecode.c.c; path = main.c; sourceTree = "<group>"; };
		AA660F1B23223A4800AC1839 /* LexicalAnalysis01.h */ = {isa = PBXFileReference; lastKnownFileType = sourcecode.c.h; path = LexicalAnalysis01.h; sourceTree = "<group>"; };
		AA660F1C23223A4800AC1839 /* LexicalAnalysis01.c */ = {isa = PBXFileReference; lastKnownFileType = sourcecode.c.c; path = LexicalAnalysis01.c; sourceTree = "<group>"; };
		AA660F1E23225BBE00AC1839 /* LexicalAnalysis02.h */ = {isa = PBXFileReference; lastKnownFileType = sourcecode.c.h; path = LexicalAnalysis02.h; sourceTree = "<group>"; };
		AA660F1F23225BBE00AC1839 /* LexicalAnalysis02.c */ = {isa = PBXFileReference; lastKnownFileType = sourcecode.c.c; path = LexicalAnalysis02.c; sourceTree = "<group>"; };
/* End PBXFileReference section */

/* Begin PBXFrameworksBuildPhase section */
		AA660F0E232239EF00AC1839 /* Frameworks */ = {
			isa = PBXFrameworksBuildPhase;
			buildActionMask = 2147483647;
			files = (
			);
			runOnlyForDeploymentPostprocessing = 0;
		};
/* End PBXFrameworksBuildPhase section */

/* Begin PBXGroup section */
		AA660F08232239EF00AC1839 = {
			isa = PBXGroup;
			children = (
				AA660F13232239EF00AC1839 /* Compile */,
				AA660F12232239EF00AC1839 /* Products */,
			);
			sourceTree = "<group>";
		};
		AA660F12232239EF00AC1839 /* Products */ = {
			isa = PBXGroup;
			children = (
				AA660F11232239EF00AC1839 /* Compile */,
			);
			name = Products;
			sourceTree = "<group>";
		};
		AA660F13232239EF00AC1839 /* Compile */ = {
			isa = PBXGroup;
			children = (
				AA660F14232239EF00AC1839 /* main.c */,
				AA660F1B23223A4800AC1839 /* LexicalAnalysis01.h */,
				AA660F1C23223A4800AC1839 /* LexicalAnalysis01.c */,
				AA660F1E23225BBE00AC1839 /* LexicalAnalysis02.h */,
				AA660F1F23225BBE00AC1839 /* LexicalAnalysis02.c */,
			);
			path = Compile;
			sourceTree = "<group>";
		};
/* End PBXGroup section */

/* Begin PBXNativeTarget section */
		AA660F10232239EF00AC1839 /* Compile */ = {
			isa = PBXNativeTarget;
			buildConfigurationList = AA660F18232239EF00AC1839 /* Build configuration list for PBXNativeTarget "Compile" */;
			buildPhases = (
				AA660F0D232239EF00AC1839 /* Sources */,
				AA660F0E232239EF00AC1839 /* Frameworks */,
				AA660F0F232239EF00AC1839 /* CopyFiles */,
			);
			buildRules = (
			);
			dependencies = (
			);
			name = Compile;
			productName = Compile;
			productReference = AA660F11232239EF00AC1839 /* Compile */;
			productType = "com.apple.product-type.tool";
		};
/* End PBXNativeTarget section */

/* Begin PBXProject section */
		AA660F09232239EF00AC1839 /* Project object */ = {
			isa = PBXProject;
			attributes = {
				LastUpgradeCheck = 1030;
				ORGANIZATIONNAME = "孟冰川";
				TargetAttributes = {
					AA660F10232239EF00AC1839 = {
						CreatedOnToolsVersion = 10.3;
					};
				};
			};
			buildConfigurationList = AA660F0C232239EF00AC1839 /* Build configuration list for PBXProject "Compile" */;
			compatibilityVersion = "Xcode 9.3";
			developmentRegion = en;
			hasScannedForEncodings = 0;
			knownRegions = (
				en,
			);
			mainGroup = AA660F08232239EF00AC1839;
			productRefGroup = AA660F12232239EF00AC1839 /* Products */;
			projectDirPath = "";
			projectRoot = "";
			targets = (
				AA660F10232239EF00AC1839 /* Compile */,
			);
		};
/* End PBXProject section */

/* Begin PBXSourcesBuildPhase section */
		AA660F0D232239EF00AC1839 /* Sources */ = {
			isa = PBXSourcesBuildPhase;
			buildActionMask = 2147483647;
			files = (
				AA660F15232239EF00AC1839 /* main.c in Sources */,
				AA660F2023225BBE00AC1839 /* LexicalAnalysis02.c in Sources */,
				AA660F1D23223A4800AC1839 /* LexicalAnalysis01.c in Sources */,
			);
			runOnlyForDeploymentPostprocessing = 0;
		};
/* End PBXSourcesBuildPhase section */

/* Begin XCBuildConfiguration section */
		AA660F16232239EF00AC1839 /* Debug */ = {
			isa = XCBuildConfiguration;
			buildSettings = {
				ALWAYS_SEARCH_USER_PATHS = NO;
				CLANG_ANALYZER_NONNULL = YES;
				CLANG_ANALYZER_NUMBER_OBJECT_CONVERSION = YES_AGGRESSIVE;
				CLANG_CXX_LANGUAGE_STANDARD = "gnu++14";
				CLANG_CXX_LIBRARY = "libc++";
				CLANG_ENABLE_MODULES = YES;
				CLANG_ENABLE_OBJC_ARC = YES;
				CLANG_ENABLE_OBJC_WEAK = YES;
				CLANG_WARN_BLOCK_CAPTURE_AUTORELEASING = YES;
				CLANG_WARN_BOOL_CONVERSION = YES;
				CLANG_WARN_COMMA = YES;
				CLANG_WARN_CONSTANT_CONVERSION = YES;
				CLANG_WARN_DEPRECATED_OBJC_IMPLEMENTATIONS = YES;
				CLANG_WARN_DIRECT_OBJC_ISA_USAGE = YES_ERROR;
				CLANG_WARN_DOCUMENTATION_COMMENTS = YES;
				CLANG_WARN_EMPTY_BODY = YES;
				CLANG_WARN_ENUM_CONVERSION = YES;
				CLANG_WARN_INFINITE_RECURSION = YES;
				CLANG_WARN_INT_CONVERSION = YES;
				CLANG_WARN_NON_LITERAL_NULL_CONVERSION = YES;
				CLANG_WARN_OBJC_IMPLICIT_RETAIN_SELF = YES;
				CLANG_WARN_OBJC_LITERAL_CONVERSION = YES;
				CLANG_WARN_OBJC_ROOT_CLASS = YES_ERROR;
				CLANG_WARN_RANGE_LOOP_ANALYSIS = YES;
				CLANG_WARN_STRICT_PROTOTYPES = YES;
				CLANG_WARN_SUSPICIOUS_MOVE = YES;
				CLANG_WARN_UNGUARDED_AVAILABILITY = YES_AGGRESSIVE;
				CLANG_WARN_UNREACHABLE_CODE = YES;
				CLANG_WARN__DUPLICATE_METHOD_MATCH = YES;
				CODE_SIGN_IDENTITY = "Mac Developer";
				COPY_PHASE_STRIP = NO;
				DEBUG_INFORMATION_FORMAT = dwarf;
				ENABLE_STRICT_OBJC_MSGSEND = YES;
				ENABLE_TESTABILITY = YES;
				GCC_C_LANGUAGE_STANDARD = gnu11;
				GCC_DYNAMIC_NO_PIC = NO;
				GCC_NO_COMMON_BLOCKS = YES;
				GCC_OPTIMIZATION_LEVEL = 0;
				GCC_PREPROCESSOR_DEFINITIONS = (
					"DEBUG=1",
					"$(inherited)",
				);
				GCC_WARN_64_TO_32_BIT_CONVERSION = YES;
				GCC_WARN_ABOUT_RETURN_TYPE = YES_ERROR;
				GCC_WARN_UNDECLARED_SELECTOR = YES;
				GCC_WARN_UNINITIALIZED_AUTOS = YES_AGGRESSIVE;
				GCC_WARN_UNUSED_FUNCTION = YES;
				GCC_WARN_UNUSED_VARIABLE = YES;
				MACOSX_DEPLOYMENT_TARGET = 10.14;
				MTL_ENABLE_DEBUG_INFO = INCLUDE_SOURCE;
				MTL_FAST_MATH = YES;
				ONLY_ACTIVE_ARCH = YES;
				SDKROOT = macosx;
			};
			name = Debug;
		};
		AA660F17232239EF00AC1839 /* Release */ = {
			isa = XCBuildConfiguration;
			buildSettings = {
				ALWAYS_SEARCH_USER_PATHS = NO;
				CLANG_ANALYZER_NONNULL = YES;
				CLANG_ANALYZER_NUMBER_OBJECT_CONVERSION = YES_AGGRESSIVE;
				CLANG_CXX_LANGUAGE_STANDARD = "gnu++14";
				CLANG_CXX_LIBRARY = "libc++";
				CLANG_ENABLE_MODULES = YES;
				CLANG_ENABLE_OBJC_ARC = YES;
				CLANG_ENABLE_OBJC_WEAK = YES;
				CLANG_WARN_BLOCK_CAPTURE_AUTORELEASING = YES;
				CLANG_WARN_BOOL_CONVERSION = YES;
				CLANG_WARN_COMMA = YES;
				CLANG_WARN_CONSTANT_CONVERSION = YES;
				CLANG_WARN_DEPRECATED_OBJC_IMPLEMENTATIONS = YES;
				CLANG_WARN_DIRECT_OBJC_ISA_USAGE = YES_ERROR;
				CLANG_WARN_DOCUMENTATION_COMMENTS = YES;
				CLANG_WARN_EMPTY_BODY = YES;
				CLANG_WARN_ENUM_CONVERSION = YES;
				CLANG_WARN_INFINITE_RECURSION = YES;
				CLANG_WARN_INT_CONVERSION = YES;
				CLANG_WARN_NON_LITERAL_NULL_CONVERSION = YES;
				CLANG_WARN_OBJC_IMPLICIT_RETAIN_SELF = YES;
				CLANG_WARN_OBJC_LITERAL_CONVERSION = YES;
				CLANG_WARN_OBJC_ROOT_CLASS = YES_ERROR;
				CLANG_WARN_RANGE_LOOP_ANALYSIS = YES;
				CLANG_WARN_STRICT_PROTOTYPES = YES;
				CLANG_WARN_SUSPICIOUS_MOVE = YES;
				CLANG_WARN_UNGUARDED_AVAILABILITY = YES_AGGRESSIVE;
				CLANG_WARN_UNREACHABLE_CODE = YES;
				CLANG_WARN__DUPLICATE_METHOD_MATCH = YES;
				CODE_SIGN_IDENTITY = "Mac Developer";
				COPY_PHASE_STRIP = NO;
				DEBUG_INFORMATION_FORMAT = "dwarf-with-dsym";
				ENABLE_NS_ASSERTIONS = NO;
				ENABLE_STRICT_OBJC_MSGSEND = YES;
				GCC_C_LANGUAGE_STANDARD = gnu11;
				GCC_NO_COMMON_BLOCKS = YES;
				GCC_WARN_64_TO_32_BIT_CONVERSION = YES;
				GCC_WARN_ABOUT_RETURN_TYPE = YES_ERROR;
				GCC_WARN_UNDECLARED_SELECTOR = YES;
				GCC_WARN_UNINITIALIZED_AUTOS = YES_AGGRESSIVE;
				GCC_WARN_UNUSED_FUNCTION = YES;
				GCC_WARN_UNUSED_VARIABLE = YES;
				MACOSX_DEPLOYMENT_TARGET = 10.14;
				MTL_ENABLE_DEBUG_INFO = NO;
				MTL_FAST_MATH = YES;
				SDKROOT = macosx;
			};
			name = Release;
		};
		AA660F19232239EF00AC1839 /* Debug */ = {
			isa = XCBuildConfiguration;
			buildSettings = {
				CODE_SIGN_STYLE = Automatic;
				DEVELOPMENT_TEAM = JXT3UM27V4;
				PRODUCT_NAME = "$(TARGET_NAME)";
			};
			name = Debug;
		};
		AA660F1A232239EF00AC1839 /* Release */ = {
			isa = XCBuildConfiguration;
			buildSettings = {
				CODE_SIGN_STYLE = Automatic;
				DEVELOPMENT_TEAM = JXT3UM27V4;
				PRODUCT_NAME = "$(TARGET_NAME)";
			};
			name = Release;
		};
/* End XCBuildConfiguration section */

/* Begin XCConfigurationList section */
		AA660F0C232239EF00AC1839 /* Build configuration list for PBXProject "Compile" */ = {
			isa = XCConfigurationList;
			buildConfigurations = (
				AA660F16232239EF00AC1839 /* Debug */,
				AA660F17232239EF00AC1839 /* Release */,
			);
			defaultConfigurationIsVisible = 0;
			defaultConfigurationName = Release;
		};
		AA660F18232239EF00AC1839 /* Build configuration list for PBXNativeTarget "Compile" */ = {
			isa = XCConfigurationList;
			buildConfigurations = (
				AA660F19232239EF00AC1839 /* Debug */,
				AA660F1A232239EF00AC1839 /* Release */,
			);
			defaultConfigurationIsVisible = 0;
			defaultConfigurationName = Release;
		};
/* End XCConfigurationList section */
	};
	rootObject = AA660F09232239EF00AC1839 /* Project object */;
}
